hash: ee88831eb09d267cd9f0e91e81baba1019cb84dcbf2ef82859bee96690dcb544
updated: 2016-03-28T23:20:10.388201683-05:00
imports:
- name: github.com/docopt/docopt-go
  version: 784ddc588536785e7299f7272f39101f7faccc3f
- name: github.com/docopt/docopt.go
  version: 784ddc588536785e7299f7272f39101f7faccc3f
  repo: git@github.com:docopt/docopt.go
  vcs: git
devImports: []
